// !$*UTF8*$!
{
	archiveVersion = 1;
	classes = {
	};
	objectVersion = 77;
	objects = {


/* Begin PBXBuildFile section */
		0C432F01EF43F35045AEDC9A /* Pods_ZenyTests.framework in Frameworks */ = {isa = PBXBuildFile; fileRef = 007F98057B937938194C18C5 /* Pods_ZenyTests.framework */; };
		1055673023E480F5672B1FA8 /* Pods_Zeny.framework in Frameworks */ = {isa = PBXBuildFile; fileRef = C4A2F513B3EC709533169DA9 /* Pods_Zeny.framework */; };
		24AA03262DF93CA8006DAEC2 /* FSCalendar in Frameworks */ = {isa = PBXBuildFile; productRef = 24AA03252DF93CA8006DAEC2 /* FSCalendar */; };
		24E386642DDD900000B12309 /* .gitignore in Sources */ = {isa = PBXBuildFile; fileRef = 24E386632DDD8FF600B12309 /* .gitignore */; };
		9D5D789CABA86F365E0DC736 /* Pods_Zeny_ZenyUITests.framework in Frameworks */ = {isa = PBXBuildFile; fileRef = FE8202DBDCE571AD4592661D /* Pods_Zeny_ZenyUITests.framework */; };
/* End PBXBuildFile section */

/* Begin PBXContainerItemProxy section */
		2187E4E52DD45CB600825483 /* PBXContainerItemProxy */ = {
			isa = PBXContainerItemProxy;
			containerPortal = 2187E4CF2DD45CB400825483 /* Project object */;
			proxyType = 1;
			remoteGlobalIDString = 2187E4D62DD45CB400825483;
			remoteInfo = Zeny;
		};
		2187E4EF2DD45CB600825483 /* PBXContainerItemProxy */ = {
			isa = PBXContainerItemProxy;
			containerPortal = 2187E4CF2DD45CB400825483 /* Project object */;
			proxyType = 1;
			remoteGlobalIDString = 2187E4D62DD45CB400825483;
			remoteInfo = Zeny;
		};
/* End PBXContainerItemProxy section */

/* Begin PBXFileReference section */
		007F98057B937938194C18C5 /* Pods_ZenyTests.framework */ = {isa = PBXFileReference; explicitFileType = wrapper.framework; includeInIndex = 0; path = Pods_ZenyTests.framework; sourceTree = BUILT_PRODUCTS_DIR; };
		03697AA16131615B1A6AA865 /* Pods-Zeny-ZenyUITests.debug.xcconfig */ = {isa = PBXFileReference; includeInIndex = 1; lastKnownFileType = text.xcconfig; name = "Pods-Zeny-ZenyUITests.debug.xcconfig"; path = "Target Support Files/Pods-Zeny-ZenyUITests/Pods-Zeny-ZenyUITests.debug.xcconfig"; sourceTree = "<group>"; };
		0AE6128AAC1DC24F3DA996E4 /* Pods-ZenyTests.debug.xcconfig */ = {isa = PBXFileReference; includeInIndex = 1; lastKnownFileType = text.xcconfig; name = "Pods-ZenyTests.debug.xcconfig"; path = "Target Support Files/Pods-ZenyTests/Pods-ZenyTests.debug.xcconfig"; sourceTree = "<group>"; };
		2187E4D72DD45CB400825483 /* Zeny.app */ = {isa = PBXFileReference; explicitFileType = wrapper.application; includeInIndex = 0; path = Zeny.app; sourceTree = BUILT_PRODUCTS_DIR; };
		2187E4E42DD45CB600825483 /* ZenyTests.xctest */ = {isa = PBXFileReference; explicitFileType = wrapper.cfbundle; includeInIndex = 0; path = ZenyTests.xctest; sourceTree = BUILT_PRODUCTS_DIR; };
		2187E4EE2DD45CB600825483 /* ZenyUITests.xctest */ = {isa = PBXFileReference; explicitFileType = wrapper.cfbundle; includeInIndex = 0; path = ZenyUITests.xctest; sourceTree = BUILT_PRODUCTS_DIR; };

		24E386632DDD8FF600B12309 /* .gitignore */ = {isa = PBXFileReference; lastKnownFileType = text; path = .gitignore; sourceTree = "<group>"; };
		261D5CBA0AA5FF3E3065D6F4 /* Pods-ZenyTests.release.xcconfig */ = {isa = PBXFileReference; includeInIndex = 1; lastKnownFileType = text.xcconfig; name = "Pods-ZenyTests.release.xcconfig"; path = "Target Support Files/Pods-ZenyTests/Pods-ZenyTests.release.xcconfig"; sourceTree = "<group>"; };
		5E64D48938B39BF4D54A85DD /* Pods-Zeny-ZenyUITests.release.xcconfig */ = {isa = PBXFileReference; includeInIndex = 1; lastKnownFileType = text.xcconfig; name = "Pods-Zeny-ZenyUITests.release.xcconfig"; path = "Target Support Files/Pods-Zeny-ZenyUITests/Pods-Zeny-ZenyUITests.release.xcconfig"; sourceTree = "<group>"; };
		6235A5E349DE533FC07D356E /* Pods-Zeny.release.xcconfig */ = {isa = PBXFileReference; includeInIndex = 1; lastKnownFileType = text.xcconfig; name = "Pods-Zeny.release.xcconfig"; path = "Target Support Files/Pods-Zeny/Pods-Zeny.release.xcconfig"; sourceTree = "<group>"; };
		8826FEBA90B83CF0BCF4D77F /* Pods-Zeny.debug.xcconfig */ = {isa = PBXFileReference; includeInIndex = 1; lastKnownFileType = text.xcconfig; name = "Pods-Zeny.debug.xcconfig"; path = "Target Support Files/Pods-Zeny/Pods-Zeny.debug.xcconfig"; sourceTree = "<group>"; };
		C4A2F513B3EC709533169DA9 /* Pods_Zeny.framework */ = {isa = PBXFileReference; explicitFileType = wrapper.framework; includeInIndex = 0; path = Pods_Zeny.framework; sourceTree = BUILT_PRODUCTS_DIR; };
		FE8202DBDCE571AD4592661D /* Pods_Zeny_ZenyUITests.framework */ = {isa = PBXFileReference; explicitFileType = wrapper.framework; includeInIndex = 0; path = Pods_Zeny_ZenyUITests.framework; sourceTree = BUILT_PRODUCTS_DIR; };

/* End PBXFileReference section */

/* Begin PBXFileSystemSynchronizedRootGroup section */
		2187E4D92DD45CB400825483 /* Zeny */ = {
			isa = PBXFileSystemSynchronizedRootGroup;
			path = Zeny;
			sourceTree = "<group>";
		};
		2187E4E72DD45CB600825483 /* ZenyTests */ = {
			isa = PBXFileSystemSynchronizedRootGroup;
			path = ZenyTests;
			sourceTree = "<group>";
		};
		2187E4F12DD45CB600825483 /* ZenyUITests */ = {
			isa = PBXFileSystemSynchronizedRootGroup;
			path = ZenyUITests;
			sourceTree = "<group>";
		};
/* End PBXFileSystemSynchronizedRootGroup section */

/* Begin PBXFrameworksBuildPhase section */
		2187E4D42DD45CB400825483 /* Frameworks */ = {
			isa = PBXFrameworksBuildPhase;
			buildActionMask = 2147483647;
			files = (
				24AA03262DF93CA8006DAEC2 /* FSCalendar in Frameworks */,
				1055673023E480F5672B1FA8 /* Pods_Zeny.framework in Frameworks */,
			);
			runOnlyForDeploymentPostprocessing = 0;
		};
		2187E4E12DD45CB600825483 /* Frameworks */ = {
			isa = PBXFrameworksBuildPhase;
			buildActionMask = 2147483647;
			files = (
				0C432F01EF43F35045AEDC9A /* Pods_ZenyTests.framework in Frameworks */,
			);
			runOnlyForDeploymentPostprocessing = 0;
		};
		2187E4EB2DD45CB600825483 /* Frameworks */ = {
			isa = PBXFrameworksBuildPhase;
			buildActionMask = 2147483647;
			files = (
				9D5D789CABA86F365E0DC736 /* Pods_Zeny_ZenyUITests.framework in Frameworks */,
			);
			runOnlyForDeploymentPostprocessing = 0;
		};
/* End PBXFrameworksBuildPhase section */

/* Begin PBXGroup section */
		2187E4CE2DD45CB400825483 = {
			isa = PBXGroup;
			children = (
				2187E4D92DD45CB400825483 /* Zeny */,
				2187E4E72DD45CB600825483 /* ZenyTests */,
				2187E4F12DD45CB600825483 /* ZenyUITests */,
				2187E4D82DD45CB400825483 /* Products */,
				8611DA6B4066B0BBAF4895A8 /* Pods */,
				C136BF55D253C3009C050FD9 /* Frameworks */,
			);
			sourceTree = "<group>";
		};
		2187E4D82DD45CB400825483 /* Products */ = {
			isa = PBXGroup;
			children = (
				2187E4D72DD45CB400825483 /* Zeny.app */,
				2187E4E42DD45CB600825483 /* ZenyTests.xctest */,
				2187E4EE2DD45CB600825483 /* ZenyUITests.xctest */,
			);
			name = Products;
			sourceTree = "<group>";
		};
		8611DA6B4066B0BBAF4895A8 /* Pods */ = {
			isa = PBXGroup;
			children = (
				8826FEBA90B83CF0BCF4D77F /* Pods-Zeny.debug.xcconfig */,
				6235A5E349DE533FC07D356E /* Pods-Zeny.release.xcconfig */,
				03697AA16131615B1A6AA865 /* Pods-Zeny-ZenyUITests.debug.xcconfig */,
				5E64D48938B39BF4D54A85DD /* Pods-Zeny-ZenyUITests.release.xcconfig */,
				0AE6128AAC1DC24F3DA996E4 /* Pods-ZenyTests.debug.xcconfig */,
				261D5CBA0AA5FF3E3065D6F4 /* Pods-ZenyTests.release.xcconfig */,
			);
			path = Pods;
			sourceTree = "<group>";
		};
		C136BF55D253C3009C050FD9 /* Frameworks */ = {
			isa = PBXGroup;
			children = (
				C4A2F513B3EC709533169DA9 /* Pods_Zeny.framework */,
				FE8202DBDCE571AD4592661D /* Pods_Zeny_ZenyUITests.framework */,
				007F98057B937938194C18C5 /* Pods_ZenyTests.framework */,
			);
			name = Frameworks;
			sourceTree = "<group>";
		};
/* End PBXGroup section */

/* Begin PBXNativeTarget section */
		2187E4D62DD45CB400825483 /* Zeny */ = {
			isa = PBXNativeTarget;
			buildConfigurationList = 2187E4F82DD45CB600825483 /* Build configuration list for PBXNativeTarget "Zeny" */;
			buildPhases = (
				920E81724C331955DDDBA24D /* [CP] Check Pods Manifest.lock */,
				2187E4D32DD45CB400825483 /* Sources */,
				2187E4D42DD45CB400825483 /* Frameworks */,
				2187E4D52DD45CB400825483 /* Resources */,
				E20D16E05F63239527556FDA /* [CP] Embed Pods Frameworks */,
			);
			buildRules = (
			);
			dependencies = (
			);
			fileSystemSynchronizedGroups = (
				2187E4D92DD45CB400825483 /* Zeny */,
			);
			name = Zeny;
			productName = Zeny;
			productReference = 2187E4D72DD45CB400825483 /* Zeny.app */;
			productType = "com.apple.product-type.application";
		};
		2187E4E32DD45CB600825483 /* ZenyTests */ = {
			isa = PBXNativeTarget;
			buildConfigurationList = 2187E4FB2DD45CB600825483 /* Build configuration list for PBXNativeTarget "ZenyTests" */;
			buildPhases = (
				E94946DA6902030D9C1524A4 /* [CP] Check Pods Manifest.lock */,
				2187E4E02DD45CB600825483 /* Sources */,
				2187E4E12DD45CB600825483 /* Frameworks */,
				2187E4E22DD45CB600825483 /* Resources */,
			);
			buildRules = (
			);
			dependencies = (
				2187E4E62DD45CB600825483 /* PBXTargetDependency */,
			);
			fileSystemSynchronizedGroups = (
				2187E4E72DD45CB600825483 /* ZenyTests */,
			);
			name = ZenyTests;
			productName = ZenyTests;
			productReference = 2187E4E42DD45CB600825483 /* ZenyTests.xctest */;
			productType = "com.apple.product-type.bundle.unit-test";
		};
		2187E4ED2DD45CB600825483 /* ZenyUITests */ = {
			isa = PBXNativeTarget;
			buildConfigurationList = 2187E4FE2DD45CB600825483 /* Build configuration list for PBXNativeTarget "ZenyUITests" */;
			buildPhases = (
				D3D5522C85158FD8C464DF46 /* [CP] Check Pods Manifest.lock */,
				2187E4EA2DD45CB600825483 /* Sources */,
				2187E4EB2DD45CB600825483 /* Frameworks */,
				2187E4EC2DD45CB600825483 /* Resources */,
				1AB32C0F4FEEC7214A465046 /* [CP] Embed Pods Frameworks */,
			);
			buildRules = (
			);
			dependencies = (
				2187E4F02DD45CB600825483 /* PBXTargetDependency */,
			);
			fileSystemSynchronizedGroups = (
				2187E4F12DD45CB600825483 /* ZenyUITests */,
			);
			name = ZenyUITests;
			productName = ZenyUITests;
			productReference = 2187E4EE2DD45CB600825483 /* ZenyUITests.xctest */;
			productType = "com.apple.product-type.bundle.ui-testing";
		};
/* End PBXNativeTarget section */

/* Begin PBXProject section */
		2187E4CF2DD45CB400825483 /* Project object */ = {
			isa = PBXProject;
			attributes = {
				BuildIndependentTargetsInParallel = 1;
				LastSwiftUpdateCheck = 1630;
				LastUpgradeCheck = 1630;
				TargetAttributes = {
					2187E4D62DD45CB400825483 = {
						CreatedOnToolsVersion = 16.3;
					};
					2187E4E32DD45CB600825483 = {
						CreatedOnToolsVersion = 16.3;
						TestTargetID = 2187E4D62DD45CB400825483;
					};
					2187E4ED2DD45CB600825483 = {
						CreatedOnToolsVersion = 16.3;
						TestTargetID = 2187E4D62DD45CB400825483;
					};
				};
			};
			buildConfigurationList = 2187E4D22DD45CB400825483 /* Build configuration list for PBXProject "Zeny" */;
			developmentRegion = en;
			hasScannedForEncodings = 0;
			knownRegions = (
				en,
				Base,
			);
			mainGroup = 2187E4CE2DD45CB400825483;
			minimizedProjectReferenceProxies = 1;
			packageReferences = (
				24AA03242DF93CA8006DAEC2 /* XCRemoteSwiftPackageReference "FSCalendar" */,
			);
			preferredProjectObjectVersion = 77;
			productRefGroup = 2187E4D82DD45CB400825483 /* Products */;
			projectDirPath = "";
			projectRoot = "";
			targets = (
				2187E4D62DD45CB400825483 /* Zeny */,
				2187E4E32DD45CB600825483 /* ZenyTests */,
				2187E4ED2DD45CB600825483 /* ZenyUITests */,
			);
		};
/* End PBXProject section */

/* Begin PBXResourcesBuildPhase section */
		2187E4D52DD45CB400825483 /* Resources */ = {
			isa = PBXResourcesBuildPhase;
			buildActionMask = 2147483647;
			files = (
			);
			runOnlyForDeploymentPostprocessing = 0;
		};
		2187E4E22DD45CB600825483 /* Resources */ = {
			isa = PBXResourcesBuildPhase;
			buildActionMask = 2147483647;
			files = (
			);
			runOnlyForDeploymentPostprocessing = 0;
		};
		2187E4EC2DD45CB600825483 /* Resources */ = {
			isa = PBXResourcesBuildPhase;
			buildActionMask = 2147483647;
			files = (
			);
			runOnlyForDeploymentPostprocessing = 0;
		};
/* End PBXResourcesBuildPhase section */

/* Begin PBXShellScriptBuildPhase section */
		1AB32C0F4FEEC7214A465046 /* [CP] Embed Pods Frameworks */ = {
			isa = PBXShellScriptBuildPhase;
			buildActionMask = 2147483647;
			files = (
			);
			inputFileListPaths = (
				"${PODS_ROOT}/Target Support Files/Pods-Zeny-ZenyUITests/Pods-Zeny-ZenyUITests-frameworks-${CONFIGURATION}-input-files.xcfilelist",
			);
			inputPaths = (
			);
			name = "[CP] Embed Pods Frameworks";
			outputFileListPaths = (
				"${PODS_ROOT}/Target Support Files/Pods-Zeny-ZenyUITests/Pods-Zeny-ZenyUITests-frameworks-${CONFIGURATION}-output-files.xcfilelist",
			);
			outputPaths = (
			);
			runOnlyForDeploymentPostprocessing = 0;
			shellPath = /bin/sh;
			shellScript = "\"${PODS_ROOT}/Target Support Files/Pods-Zeny-ZenyUITests/Pods-Zeny-ZenyUITests-frameworks.sh\"\n";
			showEnvVarsInLog = 0;
		};
		920E81724C331955DDDBA24D /* [CP] Check Pods Manifest.lock */ = {
			isa = PBXShellScriptBuildPhase;
			buildActionMask = 2147483647;
			files = (
			);
			inputFileListPaths = (
			);
			inputPaths = (
				"${PODS_PODFILE_DIR_PATH}/Podfile.lock",
				"${PODS_ROOT}/Manifest.lock",
			);
			name = "[CP] Check Pods Manifest.lock";
			outputFileListPaths = (
			);
			outputPaths = (
				"$(DERIVED_FILE_DIR)/Pods-Zeny-checkManifestLockResult.txt",
			);
			runOnlyForDeploymentPostprocessing = 0;
			shellPath = /bin/sh;
			shellScript = "diff \"${PODS_PODFILE_DIR_PATH}/Podfile.lock\" \"${PODS_ROOT}/Manifest.lock\" > /dev/null\nif [ $? != 0 ] ; then\n    # print error to STDERR\n    echo \"error: The sandbox is not in sync with the Podfile.lock. Run 'pod install' or update your CocoaPods installation.\" >&2\n    exit 1\nfi\n# This output is used by Xcode 'outputs' to avoid re-running this script phase.\necho \"SUCCESS\" > \"${SCRIPT_OUTPUT_FILE_0}\"\n";
			showEnvVarsInLog = 0;
		};
		D3D5522C85158FD8C464DF46 /* [CP] Check Pods Manifest.lock */ = {
			isa = PBXShellScriptBuildPhase;
			buildActionMask = 2147483647;
			files = (
			);
			inputFileListPaths = (
			);
			inputPaths = (
				"${PODS_PODFILE_DIR_PATH}/Podfile.lock",
				"${PODS_ROOT}/Manifest.lock",
			);
			name = "[CP] Check Pods Manifest.lock";
			outputFileListPaths = (
			);
			outputPaths = (
				"$(DERIVED_FILE_DIR)/Pods-Zeny-ZenyUITests-checkManifestLockResult.txt",
			);
			runOnlyForDeploymentPostprocessing = 0;
			shellPath = /bin/sh;
			shellScript = "diff \"${PODS_PODFILE_DIR_PATH}/Podfile.lock\" \"${PODS_ROOT}/Manifest.lock\" > /dev/null\nif [ $? != 0 ] ; then\n    # print error to STDERR\n    echo \"error: The sandbox is not in sync with the Podfile.lock. Run 'pod install' or update your CocoaPods installation.\" >&2\n    exit 1\nfi\n# This output is used by Xcode 'outputs' to avoid re-running this script phase.\necho \"SUCCESS\" > \"${SCRIPT_OUTPUT_FILE_0}\"\n";
			showEnvVarsInLog = 0;
		};
		E20D16E05F63239527556FDA /* [CP] Embed Pods Frameworks */ = {
			isa = PBXShellScriptBuildPhase;
			buildActionMask = 2147483647;
			files = (
			);
			inputFileListPaths = (
				"${PODS_ROOT}/Target Support Files/Pods-Zeny/Pods-Zeny-frameworks-${CONFIGURATION}-input-files.xcfilelist",
			);
			inputPaths = (
			);
			name = "[CP] Embed Pods Frameworks";
			outputFileListPaths = (
				"${PODS_ROOT}/Target Support Files/Pods-Zeny/Pods-Zeny-frameworks-${CONFIGURATION}-output-files.xcfilelist",
			);
			outputPaths = (
			);
			runOnlyForDeploymentPostprocessing = 0;
			shellPath = /bin/sh;
			shellScript = "\"${PODS_ROOT}/Target Support Files/Pods-Zeny/Pods-Zeny-frameworks.sh\"\n";
			showEnvVarsInLog = 0;
		};
		E94946DA6902030D9C1524A4 /* [CP] Check Pods Manifest.lock */ = {
			isa = PBXShellScriptBuildPhase;
			buildActionMask = 2147483647;
			files = (
			);
			inputFileListPaths = (
			);
			inputPaths = (
				"${PODS_PODFILE_DIR_PATH}/Podfile.lock",
				"${PODS_ROOT}/Manifest.lock",
			);
			name = "[CP] Check Pods Manifest.lock";
			outputFileListPaths = (
			);
			outputPaths = (
				"$(DERIVED_FILE_DIR)/Pods-ZenyTests-checkManifestLockResult.txt",
			);
			runOnlyForDeploymentPostprocessing = 0;
			shellPath = /bin/sh;
			shellScript = "diff \"${PODS_PODFILE_DIR_PATH}/Podfile.lock\" \"${PODS_ROOT}/Manifest.lock\" > /dev/null\nif [ $? != 0 ] ; then\n    # print error to STDERR\n    echo \"error: The sandbox is not in sync with the Podfile.lock. Run 'pod install' or update your CocoaPods installation.\" >&2\n    exit 1\nfi\n# This output is used by Xcode 'outputs' to avoid re-running this script phase.\necho \"SUCCESS\" > \"${SCRIPT_OUTPUT_FILE_0}\"\n";
			showEnvVarsInLog = 0;
		};
/* End PBXShellScriptBuildPhase section */

/* Begin PBXSourcesBuildPhase section */
		2187E4D32DD45CB400825483 /* Sources */ = {
			isa = PBXSourcesBuildPhase;
			buildActionMask = 2147483647;
			files = (
			);
			runOnlyForDeploymentPostprocessing = 0;
		};
		2187E4E02DD45CB600825483 /* Sources */ = {
			isa = PBXSourcesBuildPhase;
			buildActionMask = 2147483647;
			files = (
			);
			runOnlyForDeploymentPostprocessing = 0;
		};
		2187E4EA2DD45CB600825483 /* Sources */ = {
			isa = PBXSourcesBuildPhase;
			buildActionMask = 2147483647;
			files = (
			);
			runOnlyForDeploymentPostprocessing = 0;
		};
/* End PBXSourcesBuildPhase section */

/* Begin PBXTargetDependency section */
		2187E4E62DD45CB600825483 /* PBXTargetDependency */ = {
			isa = PBXTargetDependency;
			target = 2187E4D62DD45CB400825483 /* Zeny */;
			targetProxy = 2187E4E52DD45CB600825483 /* PBXContainerItemProxy */;
		};
		2187E4F02DD45CB600825483 /* PBXTargetDependency */ = {
			isa = PBXTargetDependency;
			target = 2187E4D62DD45CB400825483 /* Zeny */;
			targetProxy = 2187E4EF2DD45CB600825483 /* PBXContainerItemProxy */;
		};
/* End PBXTargetDependency section */

/* Begin XCBuildConfiguration section */
		2187E4F62DD45CB600825483 /* Debug */ = {
			isa = XCBuildConfiguration;
			buildSettings = {
				ALWAYS_SEARCH_USER_PATHS = NO;
				ASSETCATALOG_COMPILER_GENERATE_SWIFT_ASSET_SYMBOL_EXTENSIONS = YES;
				CLANG_ANALYZER_NONNULL = YES;
				CLANG_ANALYZER_NUMBER_OBJECT_CONVERSION = YES_AGGRESSIVE;
				CLANG_CXX_LANGUAGE_STANDARD = "gnu++20";
				CLANG_ENABLE_MODULES = YES;
				CLANG_ENABLE_OBJC_ARC = YES;
				CLANG_ENABLE_OBJC_WEAK = YES;
				CLANG_WARN_BLOCK_CAPTURE_AUTORELEASING = YES;
				CLANG_WARN_BOOL_CONVERSION = YES;
				CLANG_WARN_COMMA = YES;
				CLANG_WARN_CONSTANT_CONVERSION = YES;
				CLANG_WARN_DEPRECATED_OBJC_IMPLEMENTATIONS = YES;
				CLANG_WARN_DIRECT_OBJC_ISA_USAGE = YES_ERROR;
				CLANG_WARN_DOCUMENTATION_COMMENTS = YES;
				CLANG_WARN_EMPTY_BODY = YES;
				CLANG_WARN_ENUM_CONVERSION = YES;
				CLANG_WARN_INFINITE_RECURSION = YES;
				CLANG_WARN_INT_CONVERSION = YES;
				CLANG_WARN_NON_LITERAL_NULL_CONVERSION = YES;
				CLANG_WARN_OBJC_IMPLICIT_RETAIN_SELF = YES;
				CLANG_WARN_OBJC_LITERAL_CONVERSION = YES;
				CLANG_WARN_OBJC_ROOT_CLASS = YES_ERROR;
				CLANG_WARN_QUOTED_INCLUDE_IN_FRAMEWORK_HEADER = YES;
				CLANG_WARN_RANGE_LOOP_ANALYSIS = YES;
				CLANG_WARN_STRICT_PROTOTYPES = YES;
				CLANG_WARN_SUSPICIOUS_MOVE = YES;
				CLANG_WARN_UNGUARDED_AVAILABILITY = YES_AGGRESSIVE;
				CLANG_WARN_UNREACHABLE_CODE = YES;
				CLANG_WARN__DUPLICATE_METHOD_MATCH = YES;
				COPY_PHASE_STRIP = NO;
				DEBUG_INFORMATION_FORMAT = dwarf;
				ENABLE_STRICT_OBJC_MSGSEND = YES;
				ENABLE_TESTABILITY = YES;
				ENABLE_USER_SCRIPT_SANDBOXING = YES;
				GCC_C_LANGUAGE_STANDARD = gnu17;
				GCC_DYNAMIC_NO_PIC = NO;
				GCC_NO_COMMON_BLOCKS = YES;
				GCC_OPTIMIZATION_LEVEL = 0;
				GCC_PREPROCESSOR_DEFINITIONS = (
					"DEBUG=1",
					"$(inherited)",
				);
				GCC_WARN_64_TO_32_BIT_CONVERSION = YES;
				GCC_WARN_ABOUT_RETURN_TYPE = YES_ERROR;
				GCC_WARN_UNDECLARED_SELECTOR = YES;
				GCC_WARN_UNINITIALIZED_AUTOS = YES_AGGRESSIVE;
				GCC_WARN_UNUSED_FUNCTION = YES;
				GCC_WARN_UNUSED_VARIABLE = YES;
				IPHONEOS_DEPLOYMENT_TARGET = 18.4;
				LOCALIZATION_PREFERS_STRING_CATALOGS = YES;
				MTL_ENABLE_DEBUG_INFO = INCLUDE_SOURCE;
				MTL_FAST_MATH = YES;
				ONLY_ACTIVE_ARCH = YES;
				SDKROOT = iphoneos;
				SWIFT_ACTIVE_COMPILATION_CONDITIONS = "DEBUG $(inherited)";
				SWIFT_OPTIMIZATION_LEVEL = "-Onone";
			};
			name = Debug;
		};
		2187E4F72DD45CB600825483 /* Release */ = {
			isa = XCBuildConfiguration;
			buildSettings = {
				ALWAYS_SEARCH_USER_PATHS = NO;
				ASSETCATALOG_COMPILER_GENERATE_SWIFT_ASSET_SYMBOL_EXTENSIONS = YES;
				CLANG_ANALYZER_NONNULL = YES;
				CLANG_ANALYZER_NUMBER_OBJECT_CONVERSION = YES_AGGRESSIVE;
				CLANG_CXX_LANGUAGE_STANDARD = "gnu++20";
				CLANG_ENABLE_MODULES = YES;
				CLANG_ENABLE_OBJC_ARC = YES;
				CLANG_ENABLE_OBJC_WEAK = YES;
				CLANG_WARN_BLOCK_CAPTURE_AUTORELEASING = YES;
				CLANG_WARN_BOOL_CONVERSION = YES;
				CLANG_WARN_COMMA = YES;
				CLANG_WARN_CONSTANT_CONVERSION = YES;
				CLANG_WARN_DEPRECATED_OBJC_IMPLEMENTATIONS = YES;
				CLANG_WARN_DIRECT_OBJC_ISA_USAGE = YES_ERROR;
				CLANG_WARN_DOCUMENTATION_COMMENTS = YES;
				CLANG_WARN_EMPTY_BODY = YES;
				CLANG_WARN_ENUM_CONVERSION = YES;
				CLANG_WARN_INFINITE_RECURSION = YES;
				CLANG_WARN_INT_CONVERSION = YES;
				CLANG_WARN_NON_LITERAL_NULL_CONVERSION = YES;
				CLANG_WARN_OBJC_IMPLICIT_RETAIN_SELF = YES;
				CLANG_WARN_OBJC_LITERAL_CONVERSION = YES;
				CLANG_WARN_OBJC_ROOT_CLASS = YES_ERROR;
				CLANG_WARN_QUOTED_INCLUDE_IN_FRAMEWORK_HEADER = YES;
				CLANG_WARN_RANGE_LOOP_ANALYSIS = YES;
				CLANG_WARN_STRICT_PROTOTYPES = YES;
				CLANG_WARN_SUSPICIOUS_MOVE = YES;
				CLANG_WARN_UNGUARDED_AVAILABILITY = YES_AGGRESSIVE;
				CLANG_WARN_UNREACHABLE_CODE = YES;
				CLANG_WARN__DUPLICATE_METHOD_MATCH = YES;
				COPY_PHASE_STRIP = NO;
				DEBUG_INFORMATION_FORMAT = "dwarf-with-dsym";
				ENABLE_NS_ASSERTIONS = NO;
				ENABLE_STRICT_OBJC_MSGSEND = YES;
				ENABLE_USER_SCRIPT_SANDBOXING = YES;
				GCC_C_LANGUAGE_STANDARD = gnu17;
				GCC_NO_COMMON_BLOCKS = YES;
				GCC_WARN_64_TO_32_BIT_CONVERSION = YES;
				GCC_WARN_ABOUT_RETURN_TYPE = YES_ERROR;
				GCC_WARN_UNDECLARED_SELECTOR = YES;
				GCC_WARN_UNINITIALIZED_AUTOS = YES_AGGRESSIVE;
				GCC_WARN_UNUSED_FUNCTION = YES;
				GCC_WARN_UNUSED_VARIABLE = YES;
				IPHONEOS_DEPLOYMENT_TARGET = 18.4;
				LOCALIZATION_PREFERS_STRING_CATALOGS = YES;
				MTL_ENABLE_DEBUG_INFO = NO;
				MTL_FAST_MATH = YES;
				SDKROOT = iphoneos;
				SWIFT_COMPILATION_MODE = wholemodule;
				VALIDATE_PRODUCT = YES;
			};
			name = Release;
		};
		2187E4F92DD45CB600825483 /* Debug */ = {
			isa = XCBuildConfiguration;
			baseConfigurationReference = 8826FEBA90B83CF0BCF4D77F /* Pods-Zeny.debug.xcconfig */;
			buildSettings = {
				ASSETCATALOG_COMPILER_APPICON_NAME = AppIcon;
				ASSETCATALOG_COMPILER_GLOBAL_ACCENT_COLOR_NAME = AccentColor;
				CODE_SIGN_STYLE = Automatic;
				CURRENT_PROJECT_VERSION = 1;
				ENABLE_PREVIEWS = YES;
				ENABLE_USER_SCRIPT_SANDBOXING = NO;
				GENERATE_INFOPLIST_FILE = YES;
				INFOPLIST_KEY_UIApplicationSceneManifest_Generation = YES;
				INFOPLIST_KEY_UIApplicationSupportsIndirectInputEvents = YES;
				INFOPLIST_KEY_UILaunchScreen_Generation = YES;
				INFOPLIST_KEY_UISupportedInterfaceOrientations_iPad = "UIInterfaceOrientationPortrait UIInterfaceOrientationPortraitUpsideDown UIInterfaceOrientationLandscapeLeft UIInterfaceOrientationLandscapeRight";
				INFOPLIST_KEY_UISupportedInterfaceOrientations_iPhone = "UIInterfaceOrientationPortrait UIInterfaceOrientationLandscapeLeft UIInterfaceOrientationLandscapeRight";
				IPHONEOS_DEPLOYMENT_TARGET = 15.6;
				LD_RUNPATH_SEARCH_PATHS = (
					"$(inherited)",
					"@executable_path/Frameworks",
				);
				MARKETING_VERSION = 1.0;
				PRODUCT_BUNDLE_IDENTIFIER = com.example.Zeny;
				PRODUCT_NAME = "$(TARGET_NAME)";
				SWIFT_EMIT_LOC_STRINGS = YES;
				SWIFT_VERSION = 5.0;
				TARGETED_DEVICE_FAMILY = "1,2";
			};
			name = Debug;
		};
		2187E4FA2DD45CB600825483 /* Release */ = {
			isa = XCBuildConfiguration;
			baseConfigurationReference = 6235A5E349DE533FC07D356E /* Pods-Zeny.release.xcconfig */;
			buildSettings = {
				ASSETCATALOG_COMPILER_APPICON_NAME = AppIcon;
				ASSETCATALOG_COMPILER_GLOBAL_ACCENT_COLOR_NAME = AccentColor;
				CODE_SIGN_STYLE = Automatic;
				CURRENT_PROJECT_VERSION = 1;
				ENABLE_PREVIEWS = YES;
				ENABLE_USER_SCRIPT_SANDBOXING = NO;
				GENERATE_INFOPLIST_FILE = YES;
				INFOPLIST_KEY_UIApplicationSceneManifest_Generation = YES;
				INFOPLIST_KEY_UIApplicationSupportsIndirectInputEvents = YES;
				INFOPLIST_KEY_UILaunchScreen_Generation = YES;
				INFOPLIST_KEY_UISupportedInterfaceOrientations_iPad = "UIInterfaceOrientationPortrait UIInterfaceOrientationPortraitUpsideDown UIInterfaceOrientationLandscapeLeft UIInterfaceOrientationLandscapeRight";
				INFOPLIST_KEY_UISupportedInterfaceOrientations_iPhone = "UIInterfaceOrientationPortrait UIInterfaceOrientationLandscapeLeft UIInterfaceOrientationLandscapeRight";
				IPHONEOS_DEPLOYMENT_TARGET = 15.6;
				LD_RUNPATH_SEARCH_PATHS = (
					"$(inherited)",
					"@executable_path/Frameworks",
				);
				MARKETING_VERSION = 1.0;
				PRODUCT_BUNDLE_IDENTIFIER = com.example.Zeny;
				PRODUCT_NAME = "$(TARGET_NAME)";
				SWIFT_EMIT_LOC_STRINGS = YES;
				SWIFT_VERSION = 5.0;
				TARGETED_DEVICE_FAMILY = "1,2";
			};
			name = Release;
		};
		2187E4FC2DD45CB600825483 /* Debug */ = {
			isa = XCBuildConfiguration;
			baseConfigurationReference = 0AE6128AAC1DC24F3DA996E4 /* Pods-ZenyTests.debug.xcconfig */;
			buildSettings = {
				BUNDLE_LOADER = "$(TEST_HOST)";
				CODE_SIGN_STYLE = Automatic;
				CURRENT_PROJECT_VERSION = 1;
				ENABLE_USER_SCRIPT_SANDBOXING = NO;
				GENERATE_INFOPLIST_FILE = YES;
				IPHONEOS_DEPLOYMENT_TARGET = 18.4;
				MARKETING_VERSION = 1.0;
				PRODUCT_BUNDLE_IDENTIFIER = com.example.ZenyTests;
				PRODUCT_NAME = "$(TARGET_NAME)";
				SWIFT_EMIT_LOC_STRINGS = NO;
				SWIFT_VERSION = 5.0;
				TARGETED_DEVICE_FAMILY = "1,2";
				TEST_HOST = "$(BUILT_PRODUCTS_DIR)/Zeny.app/$(BUNDLE_EXECUTABLE_FOLDER_PATH)/Zeny";
			};
			name = Debug;
		};
		2187E4FD2DD45CB600825483 /* Release */ = {
			isa = XCBuildConfiguration;
			baseConfigurationReference = 261D5CBA0AA5FF3E3065D6F4 /* Pods-ZenyTests.release.xcconfig */;
			buildSettings = {
				BUNDLE_LOADER = "$(TEST_HOST)";
				CODE_SIGN_STYLE = Automatic;
				CURRENT_PROJECT_VERSION = 1;
				ENABLE_USER_SCRIPT_SANDBOXING = NO;
				GENERATE_INFOPLIST_FILE = YES;
				IPHONEOS_DEPLOYMENT_TARGET = 18.4;
				MARKETING_VERSION = 1.0;
				PRODUCT_BUNDLE_IDENTIFIER = com.example.ZenyTests;
				PRODUCT_NAME = "$(TARGET_NAME)";
				SWIFT_EMIT_LOC_STRINGS = NO;
				SWIFT_VERSION = 5.0;
				TARGETED_DEVICE_FAMILY = "1,2";
				TEST_HOST = "$(BUILT_PRODUCTS_DIR)/Zeny.app/$(BUNDLE_EXECUTABLE_FOLDER_PATH)/Zeny";
			};
			name = Release;
		};
		2187E4FF2DD45CB600825483 /* Debug */ = {
			isa = XCBuildConfiguration;
			baseConfigurationReference = 03697AA16131615B1A6AA865 /* Pods-Zeny-ZenyUITests.debug.xcconfig */;
			buildSettings = {
				CODE_SIGN_STYLE = Automatic;
				CURRENT_PROJECT_VERSION = 1;
				ENABLE_USER_SCRIPT_SANDBOXING = NO;
				GENERATE_INFOPLIST_FILE = YES;
				MARKETING_VERSION = 1.0;
				PRODUCT_BUNDLE_IDENTIFIER = com.example.ZenyUITests;
				PRODUCT_NAME = "$(TARGET_NAME)";
				SWIFT_EMIT_LOC_STRINGS = NO;
				SWIFT_VERSION = 5.0;
				TARGETED_DEVICE_FAMILY = "1,2";
				TEST_TARGET_NAME = Zeny;
			};
			name = Debug;
		};
		2187E5002DD45CB600825483 /* Release */ = {
			isa = XCBuildConfiguration;
			baseConfigurationReference = 5E64D48938B39BF4D54A85DD /* Pods-Zeny-ZenyUITests.release.xcconfig */;
			buildSettings = {
				CODE_SIGN_STYLE = Automatic;
				CURRENT_PROJECT_VERSION = 1;
				ENABLE_USER_SCRIPT_SANDBOXING = NO;
				GENERATE_INFOPLIST_FILE = YES;
				MARKETING_VERSION = 1.0;
				PRODUCT_BUNDLE_IDENTIFIER = com.example.ZenyUITests;
				PRODUCT_NAME = "$(TARGET_NAME)";
				SWIFT_EMIT_LOC_STRINGS = NO;
				SWIFT_VERSION = 5.0;
				TARGETED_DEVICE_FAMILY = "1,2";
				TEST_TARGET_NAME = Zeny;
			};
			name = Release;
		};
/* End XCBuildConfiguration section */

/* Begin XCConfigurationList section */
		2187E4D22DD45CB400825483 /* Build configuration list for PBXProject "Zeny" */ = {
			isa = XCConfigurationList;
			buildConfigurations = (
				2187E4F62DD45CB600825483 /* Debug */,
				2187E4F72DD45CB600825483 /* Release */,
			);
			defaultConfigurationIsVisible = 0;
			defaultConfigurationName = Release;
		};
		2187E4F82DD45CB600825483 /* Build configuration list for PBXNativeTarget "Zeny" */ = {
			isa = XCConfigurationList;
			buildConfigurations = (
				2187E4F92DD45CB600825483 /* Debug */,
				2187E4FA2DD45CB600825483 /* Release */,
			);
			defaultConfigurationIsVisible = 0;
			defaultConfigurationName = Release;
		};
		2187E4FB2DD45CB600825483 /* Build configuration list for PBXNativeTarget "ZenyTests" */ = {
			isa = XCConfigurationList;
			buildConfigurations = (
				2187E4FC2DD45CB600825483 /* Debug */,
				2187E4FD2DD45CB600825483 /* Release */,
			);
			defaultConfigurationIsVisible = 0;
			defaultConfigurationName = Release;
		};
		2187E4FE2DD45CB600825483 /* Build configuration list for PBXNativeTarget "ZenyUITests" */ = {
			isa = XCConfigurationList;
			buildConfigurations = (
				2187E4FF2DD45CB600825483 /* Debug */,
				2187E5002DD45CB600825483 /* Release */,
			);
			defaultConfigurationIsVisible = 0;
			defaultConfigurationName = Release;
		};
/* End XCConfigurationList section */

/* Begin XCRemoteSwiftPackageReference section */
		24AA03242DF93CA8006DAEC2 /* XCRemoteSwiftPackageReference "FSCalendar" */ = {
			isa = XCRemoteSwiftPackageReference;
			repositoryURL = "https://github.com/WenchaoD/FSCalendar";
			requirement = {
				kind = upToNextMajorVersion;
				minimumVersion = 2.8.4;
			};
		};
/* End XCRemoteSwiftPackageReference section */

/* Begin XCSwiftPackageProductDependency section */
		24AA03252DF93CA8006DAEC2 /* FSCalendar */ = {
			isa = XCSwiftPackageProductDependency;
			package = 24AA03242DF93CA8006DAEC2 /* XCRemoteSwiftPackageReference "FSCalendar" */;
			productName = FSCalendar;
		};
/* End XCSwiftPackageProductDependency section */
	};
	rootObject = 2187E4CF2DD45CB400825483 /* Project object */;
}
